
Microsoft Visual Studio Solution File, Format Version 12.00
# Visual Studio Version 17
VisualStudioVersion = 17.5.33627.172
MinimumVisualStudioVersion = 10.0.40219.1
Project("{9A19103F-16F7-4668-BE54-9A1E7A4F7556}") = "Api", "Api\Api.csproj", "{4BDB188A-DD0F-447F-A6CD-224E7FC020A9}"
EndProject
Project("{9A19103F-16F7-4668-BE54-9A1E7A4F7556}") = "Data", "Data\Data.csproj", "{3DE893FA-D151-41FC-A077-30597AFEDF90}"
EndProject
Project("{9A19103F-16F7-4668-BE54-9A1E7A4F7556}") = "Domain", "Domain\Domain.csproj", "{A45F18ED-2307-4CC8-AFA3-A7721B72AF67}"
EndProject
Project("{9A19103F-16F7-4668-BE54-9A1E7A4F7556}") = "Services", "Services\Services.csproj", "{3AFC1620-7830-4282-B24A-DA1FF5E47D83}"
EndProject
Project("{9A19103F-16F7-4668-BE54-9A1E7A4F7556}") = "Tests", "Tests\Tests.csproj", "{945DFFE8-EB68-4800-871E-EB3C46C1A994}"
EndProject
Global
	GlobalSection(SolutionConfigurationPlatforms) = preSolution
		Debug|Any CPU = Debug|Any CPU
		Debug|ARM = Debug|ARM
		Debug|ARM64 = Debug|ARM64
		Debug|x64 = Debug|x64
		Debug|x86 = Debug|x86
		Release|Any CPU = Release|Any CPU
		Release|ARM = Release|ARM
		Release|ARM64 = Release|ARM64
		Release|x64 = Release|x64
		Release|x86 = Release|x86
	EndGlobalSection
	GlobalSection(ProjectConfigurationPlatforms) = postSolution
		{4BDB188A-DD0F-447F-A6CD-224E7FC020A9}.Debug|Any CPU.ActiveCfg = Debug|Any CPU
		{4BDB188A-DD0F-447F-A6CD-224E7FC020A9}.Debug|Any CPU.Build.0 = Debug|Any CPU
		{4BDB188A-DD0F-447F-A6CD-224E7FC020A9}.Debug|ARM.ActiveCfg = Debug|Any CPU
		{4BDB188A-DD0F-447F-A6CD-224E7FC020A9}.Debug|ARM.Build.0 = Debug|Any CPU
		{4BDB188A-DD0F-447F-A6CD-224E7FC020A9}.Debug|ARM64.ActiveCfg = Debug|Any CPU
		{4BDB188A-DD0F-447F-A6CD-224E7FC020A9}.Debug|ARM64.Build.0 = Debug|Any CPU
		{4BDB188A-DD0F-447F-A6CD-224E7FC020A9}.Debug|x64.ActiveCfg = Debug|Any CPU
		{4BDB188A-DD0F-447F-A6CD-224E7FC020A9}.Debug|x64.Build.0 = Debug|Any CPU
		{4BDB188A-DD0F-447F-A6CD-224E7FC020A9}.Debug|x86.ActiveCfg = Debug|Any CPU
		{4BDB188A-DD0F-447F-A6CD-224E7FC020A9}.Debug|x86.Build.0 = Debug|Any CPU
		{4BDB188A-DD0F-447F-A6CD-224E7FC020A9}.Release|Any CPU.ActiveCfg = Release|Any CPU
		{4BDB188A-DD0F-447F-A6CD-224E7FC020A9}.Release|Any CPU.Build.0 = Release|Any CPU
		{4BDB188A-DD0F-447F-A6CD-224E7FC020A9}.Release|ARM.ActiveCfg = Release|Any CPU
		{4BDB188A-DD0F-447F-A6CD-224E7FC020A9}.Release|ARM.Build.0 = Release|Any CPU
		{4BDB188A-DD0F-447F-A6CD-224E7FC020A9}.Release|ARM64.ActiveCfg = Release|Any CPU
		{4BDB188A-DD0F-447F-A6CD-224E7FC020A9}.Release|ARM64.Build.0 = Release|Any CPU
		{4BDB188A-DD0F-447F-A6CD-224E7FC020A9}.Release|x64.ActiveCfg = Release|Any CPU
		{4BDB188A-DD0F-447F-A6CD-224E7FC020A9}.Release|x64.Build.0 = Release|Any CPU
		{4BDB188A-DD0F-447F-A6CD-224E7FC020A9}.Release|x86.ActiveCfg = Release|Any CPU
		{4BDB188A-DD0F-447F-A6CD-224E7FC020A9}.Release|x86.Build.0 = Release|Any CPU
		{3DE893FA-D151-41FC-A077-30597AFEDF90}.Debug|Any CPU.ActiveCfg = Debug|Any CPU
		{3DE893FA-D151-41FC-A077-30597AFEDF90}.Debug|Any CPU.Build.0 = Debug|Any CPU
		{3DE893FA-D151-41FC-A077-30597AFEDF90}.Debug|ARM.ActiveCfg = Debug|Any CPU
		{3DE893FA-D151-41FC-A077-30597AFEDF90}.Debug|ARM.Build.0 = Debug|Any CPU
		{3DE893FA-D151-41FC-A077-30597AFEDF90}.Debug|ARM64.ActiveCfg = Debug|Any CPU
		{3DE893FA-D151-41FC-A077-30597AFEDF90}.Debug|ARM64.Build.0 = Debug|Any CPU
		{3DE893FA-D151-41FC-A077-30597AFEDF90}.Debug|x64.ActiveCfg = Debug|Any CPU
		{3DE893FA-D151-41FC-A077-30597AFEDF90}.Debug|x64.Build.0 = Debug|Any CPU
		{3DE893FA-D151-41FC-A077-30597AFEDF90}.Debug|x86.ActiveCfg = Debug|Any CPU
		{3DE893FA-D151-41FC-A077-30597AFEDF90}.Debug|x86.Build.0 = Debug|Any CPU
		{3DE893FA-D151-41FC-A077-30597AFEDF90}.Release|Any CPU.ActiveCfg = Release|Any CPU
		{3DE893FA-D151-41FC-A077-30597AFEDF90}.Release|Any CPU.Build.0 = Release|Any CPU
		{3DE893FA-D151-41FC-A077-30597AFEDF90}.Release|ARM.ActiveCfg = Release|Any CPU
		{3DE893FA-D151-41FC-A077-30597AFEDF90}.Release|ARM.Build.0 = Release|Any CPU
		{3DE893FA-D151-41FC-A077-30597AFEDF90}.Release|ARM64.ActiveCfg = Release|Any CPU
		{3DE893FA-D151-41FC-A077-30597AFEDF90}.Release|ARM64.Build.0 = Release|Any CPU
		{3DE893FA-D151-41FC-A077-30597AFEDF90}.Release|x64.ActiveCfg = Release|Any CPU
		{3DE893FA-D151-41FC-A077-30597AFEDF90}.Release|x64.Build.0 = Release|Any CPU
		{3DE893FA-D151-41FC-A077-30597AFEDF90}.Release|x86.ActiveCfg = Release|Any CPU
		{3DE893FA-D151-41FC-A077-30597AFEDF90}.Release|x86.Build.0 = Release|Any CPU
		{A45F18ED-2307-4CC8-AFA3-A7721B72AF67}.Debug|Any CPU.ActiveCfg = Debug|Any CPU
		{A45F18ED-2307-4CC8-AFA3-A7721B72AF67}.Debug|Any CPU.Build.0 = Debug|Any CPU
		{A45F18ED-2307-4CC8-AFA3-A7721B72AF67}.Debug|ARM.ActiveCfg = Debug|Any CPU
		{A45F18ED-2307-4CC8-AFA3-A7721B72AF67}.Debug|ARM.Build.0 = Debug|Any CPU
		{A45F18ED-2307-4CC8-AFA3-A7721B72AF67}.Debug|ARM64.ActiveCfg = Debug|Any CPU
		{A45F18ED-2307-4CC8-AFA3-A7721B72AF67}.Debug|ARM64.Build.0 = Debug|Any CPU
		{A45F18ED-2307-4CC8-AFA3-A7721B72AF67}.Debug|x64.ActiveCfg = Debug|Any CPU
		{A45F18ED-2307-4CC8-AFA3-A7721B72AF67}.Debug|x64.Build.0 = Debug|Any CPU
		{A45F18ED-2307-4CC8-AFA3-A7721B72AF67}.Debug|x86.ActiveCfg = Debug|Any CPU
		{A45F18ED-2307-4CC8-AFA3-A7721B72AF67}.Debug|x86.Build.0 = Debug|Any CPU
		{A45F18ED-2307-4CC8-AFA3-A7721B72AF67}.Release|Any CPU.ActiveCfg = Release|Any CPU
		{A45F18ED-2307-4CC8-AFA3-A7721B72AF67}.Release|Any CPU.Build.0 = Release|Any CPU
		{A45F18ED-2307-4CC8-AFA3-A7721B72AF67}.Release|ARM.ActiveCfg = Release|Any CPU
		{A45F18ED-2307-4CC8-AFA3-A7721B72AF67}.Release|ARM.Build.0 = Release|Any CPU
		{A45F18ED-2307-4CC8-AFA3-A7721B72AF67}.Release|ARM64.ActiveCfg = Release|Any CPU
		{A45F18ED-2307-4CC8-AFA3-A7721B72AF67}.Release|ARM64.Build.0 = Release|Any CPU
		{A45F18ED-2307-4CC8-AFA3-A7721B72AF67}.Release|x64.ActiveCfg = Release|Any CPU
		{A45F18ED-2307-4CC8-AFA3-A7721B72AF67}.Release|x64.Build.0 = Release|Any CPU
		{A45F18ED-2307-4CC8-AFA3-A7721B72AF67}.Release|x86.ActiveCfg = Release|Any CPU
		{A45F18ED-2307-4CC8-AFA3-A7721B72AF67}.Release|x86.Build.0 = Release|Any CPU
		{3AFC1620-7830-4282-B24A-DA1FF5E47D83}.Debug|Any CPU.ActiveCfg = Debug|Any CPU
		{3AFC1620-7830-4282-B24A-DA1FF5E47D83}.Debug|Any CPU.Build.0 = Debug|Any CPU
		{3AFC1620-7830-4282-B24A-DA1FF5E47D83}.Debug|ARM.ActiveCfg = Debug|Any CPU
		{3AFC1620-7830-4282-B24A-DA1FF5E47D83}.Debug|ARM.Build.0 = Debug|Any CPU
		{3AFC1620-7830-4282-B24A-DA1FF5E47D83}.Debug|ARM64.ActiveCfg = Debug|Any CPU
		{3AFC1620-7830-4282-B24A-DA1FF5E47D83}.Debug|ARM64.Build.0 = Debug|Any CPU
		{3AFC1620-7830-4282-B24A-DA1FF5E47D83}.Debug|x64.ActiveCfg = Debug|Any CPU
		{3AFC1620-7830-4282-B24A-DA1FF5E47D83}.Debug|x64.Build.0 = Debug|Any CPU
		{3AFC1620-7830-4282-B24A-DA1FF5E47D83}.Debug|x86.ActiveCfg = Debug|Any CPU
		{3AFC1620-7830-4282-B24A-DA1FF5E47D83}.Debug|x86.Build.0 = Debug|Any CPU
		{3AFC1620-7830-4282-B24A-DA1FF5E47D83}.Release|Any CPU.ActiveCfg = Release|Any CPU
		{3AFC1620-7830-4282-B24A-DA1FF5E47D83}.Release|Any CPU.Build.0 = Release|Any CPU
		{3AFC1620-7830-4282-B24A-DA1FF5E47D83}.Release|ARM.ActiveCfg = Release|Any CPU
		{3AFC1620-7830-4282-B24A-DA1FF5E47D83}.Release|ARM.Build.0 = Release|Any CPU
		{3AFC1620-7830-4282-B24A-DA1FF5E47D83}.Release|ARM64.ActiveCfg = Release|Any CPU
		{3AFC1620-7830-4282-B24A-DA1FF5E47D83}.Release|ARM64.Build.0 = Release|Any CPU
		{3AFC1620-7830-4282-B24A-DA1FF5E47D83}.Release|x64.ActiveCfg = Release|Any CPU
		{3AFC1620-7830-4282-B24A-DA1FF5E47D83}.Release|x64.Build.0 = Release|Any CPU
		{3AFC1620-7830-4282-B24A-DA1FF5E47D83}.Release|x86.ActiveCfg = Release|Any CPU
		{3AFC1620-7830-4282-B24A-DA1FF5E47D83}.Release|x86.Build.0 = Release|Any CPU
		{945DFFE8-EB68-4800-871E-EB3C46C1A994}.Debug|Any CPU.ActiveCfg = Debug|Any CPU
		{945DFFE8-EB68-4800-871E-EB3C46C1A994}.Debug|Any CPU.Build.0 = Debug|Any CPU
		{945DFFE8-EB68-4800-871E-EB3C46C1A994}.Debug|ARM.ActiveCfg = Debug|Any CPU
		{945DFFE8-EB68-4800-871E-EB3C46C1A994}.Debug|ARM.Build.0 = Debug|Any CPU
		{945DFFE8-EB68-4800-871E-EB3C46C1A994}.Debug|ARM64.ActiveCfg = Debug|Any CPU
		{945DFFE8-EB68-4800-871E-EB3C46C1A994}.Debug|ARM64.Build.0 = Debug|Any CPU
		{945DFFE8-EB68-4800-871E-EB3C46C1A994}.Debug|x64.ActiveCfg = Debug|Any CPU
		{945DFFE8-EB68-4800-871E-EB3C46C1A994}.Debug|x64.Build.0 = Debug|Any CPU
		{945DFFE8-EB68-4800-871E-EB3C46C1A994}.Debug|x86.ActiveCfg = Debug|Any CPU
		{945DFFE8-EB68-4800-871E-EB3C46C1A994}.Debug|x86.Build.0 = Debug|Any CPU
		{945DFFE8-EB68-4800-871E-EB3C46C1A994}.Release|Any CPU.ActiveCfg = Release|Any CPU
		{945DFFE8-EB68-4800-871E-EB3C46C1A994}.Release|Any CPU.Build.0 = Release|Any CPU
		{945DFFE8-EB68-4800-871E-EB3C46C1A994}.Release|ARM.ActiveCfg = Release|Any CPU
		{945DFFE8-EB68-4800-871E-EB3C46C1A994}.Release|ARM.Build.0 = Release|Any CPU
		{945DFFE8-EB68-4800-871E-EB3C46C1A994}.Release|ARM64.ActiveCfg = Release|Any CPU
		{945DFFE8-EB68-4800-871E-EB3C46C1A994}.Release|ARM64.Build.0 = Release|Any CPU
		{945DFFE8-EB68-4800-871E-EB3C46C1A994}.Release|x64.ActiveCfg = Release|Any CPU
		{945DFFE8-EB68-4800-871E-EB3C46C1A994}.Release|x64.Build.0 = Release|Any CPU
		{945DFFE8-EB68-4800-871E-EB3C46C1A994}.Release|x86.ActiveCfg = Release|Any CPU
		{945DFFE8-EB68-4800-871E-EB3C46C1A994}.Release|x86.Build.0 = Release|Any CPU
	EndGlobalSection
	GlobalSection(SolutionProperties) = preSolution
		HideSolutionNode = FALSE
	EndGlobalSection
	GlobalSection(ExtensibilityGlobals) = postSolution
		SolutionGuid = {1BC42AC9-8209-4A5F-B996-31EA3CF162C2}
	EndGlobalSection
EndGlobal
